
Microsoft Visual Studio Solution File, Format Version 12.00
# Visual Studio Version 16
VisualStudioVersion = 16.0.31005.135
MinimumVisualStudioVersion = 10.0.40219.1
Project("{FAE04EC0-301F-11D3-BF4B-00C04F79EFBC}") = "LoginApp", "LoginApp\LoginApp.csproj", "{7948B458-002E-4605-A5CD-529541C4D186}"
EndProject
Project("{FAE04EC0-301F-11D3-BF4B-00C04F79EFBC}") = "temp", "..\temp\temp\temp.csproj", "{D4A91C2A-27E6-4190-8690-16058810E0EF}"
EndProject
Global
	GlobalSection(SolutionConfigurationPlatforms) = preSolution
		Debug|Any CPU = Debug|Any CPU
		Release|Any CPU = Release|Any CPU
	EndGlobalSection
	GlobalSection(ProjectConfigurationPlatforms) = postSolution
		{7948B458-002E-4605-A5CD-529541C4D186}.Debug|Any CPU.ActiveCfg = Debug|Any CPU
		{7948B458-002E-4605-A5CD-529541C4D186}.Debug|Any CPU.Build.0 = Debug|Any CPU
		{7948B458-002E-4605-A5CD-529541C4D186}.Release|Any CPU.ActiveCfg = Release|Any CPU
		{7948B458-002E-4605-A5CD-529541C4D186}.Release|Any CPU.Build.0 = Release|Any CPU
		{D4A91C2A-27E6-4190-8690-16058810E0EF}.Debug|Any CPU.ActiveCfg = Debug|Any CPU
		{D4A91C2A-27E6-4190-8690-16058810E0EF}.Debug|Any CPU.Build.0 = Debug|Any CPU
		{D4A91C2A-27E6-4190-8690-16058810E0EF}.Release|Any CPU.ActiveCfg = Release|Any CPU
		{D4A91C2A-27E6-4190-8690-16058810E0EF}.Release|Any CPU.Build.0 = Release|Any CPU
	EndGlobalSection
	GlobalSection(SolutionProperties) = preSolution
		HideSolutionNode = FALSE
	EndGlobalSection
	GlobalSection(ExtensibilityGlobals) = postSolution
		SolutionGuid = {BAF764A2-08E0-4CB0-996C-A9C1358F7A72}
	EndGlobalSection
EndGlobal
